
Microsoft Visual Studio Solution File, Format Version 12.00
# Visual Studio Version 17
VisualStudioVersion = 17.13.35806.99 d17.13
MinimumVisualStudioVersion = 10.0.40219.1
Project("{FAE04EC0-301F-11D3-BF4B-00C04F79EFBC}") = "Ransomware", "Ransomware.csproj", "{478E0991-6504-4950-8634-5C7D5E2EC05C}"
EndProject
Global
	GlobalSection(SolutionConfigurationPlatforms) = preSolution
		Debug|Any CPU = Debug|Any CPU
		Release|Any CPU = Release|Any CPU
	EndGlobalSection
	GlobalSection(ProjectConfigurationPlatforms) = postSolution
		{478E0991-6504-4950-8634-5C7D5E2EC05C}.Debug|Any CPU.ActiveCfg = Debug|Any CPU
		{478E0991-6504-4950-8634-5C7D5E2EC05C}.Debug|Any CPU.Build.0 = Debug|Any CPU
		{478E0991-6504-4950-8634-5C7D5E2EC05C}.Release|Any CPU.ActiveCfg = Release|Any CPU
		{478E0991-6504-4950-8634-5C7D5E2EC05C}.Release|Any CPU.Build.0 = Release|Any CPU
	EndGlobalSection
	GlobalSection(SolutionProperties) = preSolution
		HideSolutionNode = FALSE
	EndGlobalSection
	GlobalSection(ExtensibilityGlobals) = postSolution
		SolutionGuid = {78F78E13-4B73-43AE-A986-52B10DE91578}
	EndGlobalSection
EndGlobal
